
Microsoft Visual Studio Solution File, Format Version 12.00
# Visual Studio Version 17
VisualStudioVersion = 17.0.31903.59
MinimumVisualStudioVersion = 10.0.40219.1
Project("{FAE04EC0-301F-11D3-BF4B-00C04F79EFBC}") = "CycoTui.Core", "src/CycoTui.Core/CycoTui.Core.csproj", "{C9E4E6B9-62A9-4F3C-8F3F-6A9D2AF2B0A2}"
Project("{FAE04EC0-301F-11D3-BF4B-00C04F79EFBC}") = "CycoTui.Backend.Windows", "src/CycoTui.Backend.Windows/CycoTui.Backend.Windows.csproj", "{6B579E7F-6A53-4D41-9071-3FC4C6A1F12D}"
EndProject
Project("{FAE04EC0-301F-11D3-BF4B-00C04F79EFBC}") = "CycoTui.Backend.Unix", "src/CycoTui.Backend.Unix/CycoTui.Backend.Unix.csproj", "{7C0B9D34-6F4E-4249-9E90-9D3F8025E4B0}"
EndProject

EndProject
Project("{FAE04EC0-301F-11D3-BF4B-00C04F79EFBC}") = "CycoTui.Core.Tests", "tests/CycoTui.Core.Tests/CycoTui.Core.Tests.csproj", "{8C6F9B18-5B5F-4CE4-9E31-424B131E3E9E}"
EndProject
Global
	GlobalSection(SolutionConfigurationPlatforms) = preSolution
		Debug|Any CPU = Debug|Any CPU
		Release|Any CPU = Release|Any CPU
	EndGlobalSection
	GlobalSection(ProjectConfigurationPlatforms) = postSolution
		{C9E4E6B9-62A9-4F3C-8F3F-6A9D2AF2B0A2}.Debug|Any CPU.ActiveCfg = Debug|Any CPU
		{C9E4E6B9-62A9-4F3C-8F3F-6A9D2AF2B0A2}.Debug|Any CPU.Build.0 = Debug|Any CPU
		{C9E4E6B9-62A9-4F3C-8F3F-6A9D2AF2B0A2}.Release|Any CPU.ActiveCfg = Release|Any CPU
		{C9E4E6B9-62A9-4F3C-8F3F-6A9D2AF2B0A2}.Release|Any CPU.Build.0 = Release|Any CPU
		{8C6F9B18-5B5F-4CE4-9E31-424B131E3E9E}.Debug|Any CPU.ActiveCfg = Debug|Any CPU
		{8C6F9B18-5B5F-4CE4-9E31-424B131E3E9E}.Debug|Any CPU.Build.0 = Debug|Any CPU
		{8C6F9B18-5B5F-4CE4-9E31-424B131E3E9E}.Release|Any CPU.ActiveCfg = Release|Any CPU
		{8C6F9B18-5B5F-4CE4-9E31-424B131E3E9E}.Release|Any CPU.Build.0 = Release|Any CPU
	EndGlobalSection
	GlobalSection(SolutionProperties) = preSolution
		HideSolutionNode = FALSE
	EndGlobalSection
EndGlobal
